
Microsoft Visual Studio Solution File, Format Version 12.00
# Visual Studio 15
VisualStudioVersion = 15.0.28010.2036
MinimumVisualStudioVersion = 10.0.40219.1
Project("{FAE04EC0-301F-11D3-BF4B-00C04F79EFBC}") = "ConsoleApp6_Alternative", "ConsoleApp6_Alternative\ConsoleApp6_Alternative.csproj", "{052CB879-D06A-41B9-B624-1BAE22DB713E}"
EndProject
Global
	GlobalSection(SolutionConfigurationPlatforms) = preSolution
		Debug|Any CPU = Debug|Any CPU
		Release|Any CPU = Release|Any CPU
	EndGlobalSection
	GlobalSection(ProjectConfigurationPlatforms) = postSolution
		{052CB879-D06A-41B9-B624-1BAE22DB713E}.Debug|Any CPU.ActiveCfg = Debug|Any CPU
		{052CB879-D06A-41B9-B624-1BAE22DB713E}.Debug|Any CPU.Build.0 = Debug|Any CPU
		{052CB879-D06A-41B9-B624-1BAE22DB713E}.Release|Any CPU.ActiveCfg = Release|Any CPU
		{052CB879-D06A-41B9-B624-1BAE22DB713E}.Release|Any CPU.Build.0 = Release|Any CPU
	EndGlobalSection
	GlobalSection(SolutionProperties) = preSolution
		HideSolutionNode = FALSE
	EndGlobalSection
	GlobalSection(ExtensibilityGlobals) = postSolution
		SolutionGuid = {1F1F204E-09B9-44E0-ADC4-3C6DC82D8F7D}
	EndGlobalSection
EndGlobal
